
Microsoft Visual Studio Solution File, Format Version 12.00
Project("{FAE04EC0-301F-11D3-BF4B-00C04F79EFBC}") = "Poprawa 30_11", "Poprawa 30_11\Poprawa 30_11.csproj", "{9284D737-DB7D-48C4-A9A2-6DCAC0AA05AB}"
EndProject
Global
	GlobalSection(SolutionConfigurationPlatforms) = preSolution
		Debug|Any CPU = Debug|Any CPU
		Release|Any CPU = Release|Any CPU
	EndGlobalSection
	GlobalSection(ProjectConfigurationPlatforms) = postSolution
		{9284D737-DB7D-48C4-A9A2-6DCAC0AA05AB}.Debug|Any CPU.ActiveCfg = Debug|Any CPU
		{9284D737-DB7D-48C4-A9A2-6DCAC0AA05AB}.Debug|Any CPU.Build.0 = Debug|Any CPU
		{9284D737-DB7D-48C4-A9A2-6DCAC0AA05AB}.Release|Any CPU.ActiveCfg = Release|Any CPU
		{9284D737-DB7D-48C4-A9A2-6DCAC0AA05AB}.Release|Any CPU.Build.0 = Release|Any CPU
	EndGlobalSection
EndGlobal
